// !$*UTF8*$!
{
	archiveVersion = 1;
	classes = {
	};
	objectVersion = 46;
	objects = {

/* Begin PBXBuildFile section */
		4A8AFDB21A09D3F700B0F654 /* Foundation.framework in Frameworks */ = {isa = PBXBuildFile; fileRef = 4A8AFDB11A09D3F700B0F654 /* Foundation.framework */; };
		4A8AFDB41A09D3F700B0F654 /* CoreGraphics.framework in Frameworks */ = {isa = PBXBuildFile; fileRef = 4A8AFDB31A09D3F700B0F654 /* CoreGraphics.framework */; };
		4A8AFDB61A09D3F700B0F654 /* UIKit.framework in Frameworks */ = {isa = PBXBuildFile; fileRef = 4A8AFDB51A09D3F700B0F654 /* UIKit.framework */; };
		4A8AFDBC1A09D3F700B0F654 /* InfoPlist.strings in Resources */ = {isa = PBXBuildFile; fileRef = 4A8AFDBA1A09D3F700B0F654 /* InfoPlist.strings */; };
		4A8AFDBE1A09D3F700B0F654 /* main.m in Sources */ = {isa = PBXBuildFile; fileRef = 4A8AFDBD1A09D3F700B0F654 /* main.m */; };
		4A8AFDC21A09D3F700B0F654 /* DGAppDelegate.m in Sources */ = {isa = PBXBuildFile; fileRef = 4A8AFDC11A09D3F700B0F654 /* DGAppDelegate.m */; };
		4A8AFDC51A09D3F700B0F654 /* Main.storyboard in Resources */ = {isa = PBXBuildFile; fileRef = 4A8AFDC31A09D3F700B0F654 /* Main.storyboard */; };
		4A8AFDC81A09D3F700B0F654 /* DGViewController.m in Sources */ = {isa = PBXBuildFile; fileRef = 4A8AFDC71A09D3F700B0F654 /* DGViewController.m */; };
		4A8AFDCA1A09D3F700B0F654 /* Images.xcassets in Resources */ = {isa = PBXBuildFile; fileRef = 4A8AFDC91A09D3F700B0F654 /* Images.xcassets */; };
		4A8AFDD11A09D3F700B0F654 /* XCTest.framework in Frameworks */ = {isa = PBXBuildFile; fileRef = 4A8AFDD01A09D3F700B0F654 /* XCTest.framework */; };
		4A8AFDD21A09D3F700B0F654 /* Foundation.framework in Frameworks */ = {isa = PBXBuildFile; fileRef = 4A8AFDB11A09D3F700B0F654 /* Foundation.framework */; };
		4A8AFDD31A09D3F800B0F654 /* UIKit.framework in Frameworks */ = {isa = PBXBuildFile; fileRef = 4A8AFDB51A09D3F700B0F654 /* UIKit.framework */; };
		4A8AFDDB1A09D3F800B0F654 /* InfoPlist.strings in Resources */ = {isa = PBXBuildFile; fileRef = 4A8AFDD91A09D3F800B0F654 /* InfoPlist.strings */; };
		4A8AFDDD1A09D3F800B0F654 /* MyTest3Tests.m in Sources */ = {isa = PBXBuildFile; fileRef = 4A8AFDDC1A09D3F800B0F654 /* MyTest3Tests.m */; };
/* End PBXBuildFile section */

/* Begin PBXContainerItemProxy section */
		4A8AFDD41A09D3F800B0F654 /* PBXContainerItemProxy */ = {
			isa = PBXContainerItemProxy;
			containerPortal = 4A8AFDA61A09D3F700B0F654 /* Project object */;
			proxyType = 1;
			remoteGlobalIDString = 4A8AFDAD1A09D3F700B0F654;
			remoteInfo = MyTest3;
		};
/* End PBXContainerItemProxy section */

/* Begin PBXFileReference section */
		4A8AFDAE1A09D3F700B0F654 /* MyTest3.app */ = {isa = PBXFileReference; explicitFileType = wrapper.application; includeInIndex = 0; path = MyTest3.app; sourceTree = BUILT_PRODUCTS_DIR; };
		4A8AFDB11A09D3F700B0F654 /* Foundation.framework */ = {isa = PBXFileReference; lastKnownFileType = wrapper.framework; name = Foundation.framework; path = System/Library/Frameworks/Foundation.framework; sourceTree = SDKROOT; };
		4A8AFDB31A09D3F700B0F654 /* CoreGraphics.framework */ = {isa = PBXFileReference; lastKnownFileType = wrapper.framework; name = CoreGraphics.framework; path = System/Library/Frameworks/CoreGraphics.framework; sourceTree = SDKROOT; };
		4A8AFDB51A09D3F700B0F654 /* UIKit.framework */ = {isa = PBXFileReference; lastKnownFileType = wrapper.framework; name = UIKit.framework; path = System/Library/Frameworks/UIKit.framework; sourceTree = SDKROOT; };
		4A8AFDB91A09D3F700B0F654 /* MyTest3-Info.plist */ = {isa = PBXFileReference; lastKnownFileType = text.plist.xml; path = "MyTest3-Info.plist"; sourceTree = "<group>"; };
		4A8AFDBB1A09D3F700B0F654 /* en */ = {isa = PBXFileReference; lastKnownFileType = text.plist.strings; name = en; path = en.lproj/InfoPlist.strings; sourceTree = "<group>"; };
		4A8AFDBD1A09D3F700B0F654 /* main.m */ = {isa = PBXFileReference; lastKnownFileType = sourcecode.c.objc; path = main.m; sourceTree = "<group>"; };
		4A8AFDBF1A09D3F700B0F654 /* MyTest3-Prefix.pch */ = {isa = PBXFileReference; lastKnownFileType = sourcecode.c.h; path = "MyTest3-Prefix.pch"; sourceTree = "<group>"; };
		4A8AFDC01A09D3F700B0F654 /* DGAppDelegate.h */ = {isa = PBXFileReference; lastKnownFileType = sourcecode.c.h; path = DGAppDelegate.h; sourceTree = "<group>"; };
		4A8AFDC11A09D3F700B0F654 /* DGAppDelegate.m */ = {isa = PBXFileReference; lastKnownFileType = sourcecode.c.objc; path = DGAppDelegate.m; sourceTree = "<group>"; };
		4A8AFDC41A09D3F700B0F654 /* Base */ = {isa = PBXFileReference; lastKnownFileType = file.storyboard; name = Base; path = Base.lproj/Main.storyboard; sourceTree = "<group>"; };
		4A8AFDC61A09D3F700B0F654 /* DGViewController.h */ = {isa = PBXFileReference; lastKnownFileType = sourcecode.c.h; path = DGViewController.h; sourceTree = "<group>"; };
		4A8AFDC71A09D3F700B0F654 /* DGViewController.m */ = {isa = PBXFileReference; lastKnownFileType = sourcecode.c.objc; path = DGViewController.m; sourceTree = "<group>"; };
		4A8AFDC91A09D3F700B0F654 /* Images.xcassets */ = {isa = PBXFileReference; lastKnownFileType = folder.assetcatalog; path = Images.xcassets; sourceTree = "<group>"; };
		4A8AFDCF1A09D3F700B0F654 /* MyTest3Tests.xctest */ = {isa = PBXFileReference; explicitFileType = wrapper.cfbundle; includeInIndex = 0; path = MyTest3Tests.xctest; sourceTree = BUILT_PRODUCTS_DIR; };
		4A8AFDD01A09D3F700B0F654 /* XCTest.framework */ = {isa = PBXFileReference; lastKnownFileType = wrapper.framework; name = XCTest.framework; path = Library/Frameworks/XCTest.framework; sourceTree = DEVELOPER_DIR; };
		4A8AFDD81A09D3F800B0F654 /* MyTest3Tests-Info.plist */ = {isa = PBXFileReference; lastKnownFileType = text.plist.xml; path = "MyTest3Tests-Info.plist"; sourceTree = "<group>"; };
		4A8AFDDA1A09D3F800B0F654 /* en */ = {isa = PBXFileReference; lastKnownFileType = text.plist.strings; name = en; path = en.lproj/InfoPlist.strings; sourceTree = "<group>"; };
		4A8AFDDC1A09D3F800B0F654 /* MyTest3Tests.m */ = {isa = PBXFileReference; lastKnownFileType = sourcecode.c.objc; path = MyTest3Tests.m; sourceTree = "<group>"; };
/* End PBXFileReference section */

/* Begin PBXFrameworksBuildPhase section */
		4A8AFDAB1A09D3F700B0F654 /* Frameworks */ = {
			isa = PBXFrameworksBuildPhase;
			buildActionMask = 2147483647;
			files = (
				4A8AFDB41A09D3F700B0F654 /* CoreGraphics.framework in Frameworks */,
				4A8AFDB61A09D3F700B0F654 /* UIKit.framework in Frameworks */,
				4A8AFDB21A09D3F700B0F654 /* Foundation.framework in Frameworks */,
			);
			runOnlyForDeploymentPostprocessing = 0;
		};
		4A8AFDCC1A09D3F700B0F654 /* Frameworks */ = {
			isa = PBXFrameworksBuildPhase;
			buildActionMask = 2147483647;
			files = (
				4A8AFDD11A09D3F700B0F654 /* XCTest.framework in Frameworks */,
				4A8AFDD31A09D3F800B0F654 /* UIKit.framework in Frameworks */,
				4A8AFDD21A09D3F700B0F654 /* Foundation.framework in Frameworks */,
			);
			runOnlyForDeploymentPostprocessing = 0;
		};
/* End PBXFrameworksBuildPhase section */

/* Begin PBXGroup section */
		4A8AFDA51A09D3F700B0F654 = {
			isa = PBXGroup;
			children = (
				4A8AFDB71A09D3F700B0F654 /* MyTest3 */,
				4A8AFDD61A09D3F800B0F654 /* MyTest3Tests */,
				4A8AFDB01A09D3F700B0F654 /* Frameworks */,
				4A8AFDAF1A09D3F700B0F654 /* Products */,
			);
			sourceTree = "<group>";
		};
		4A8AFDAF1A09D3F700B0F654 /* Products */ = {
			isa = PBXGroup;
			children = (
				4A8AFDAE1A09D3F700B0F654 /* MyTest3.app */,
				4A8AFDCF1A09D3F700B0F654 /* MyTest3Tests.xctest */,
			);
			name = Products;
			sourceTree = "<group>";
		};
		4A8AFDB01A09D3F700B0F654 /* Frameworks */ = {
			isa = PBXGroup;
			children = (
				4A8AFDB11A09D3F700B0F654 /* Foundation.framework */,
				4A8AFDB31A09D3F700B0F654 /* CoreGraphics.framework */,
				4A8AFDB51A09D3F700B0F654 /* UIKit.framework */,
				4A8AFDD01A09D3F700B0F654 /* XCTest.framework */,
			);
			name = Frameworks;
			sourceTree = "<group>";
		};
		4A8AFDB71A09D3F700B0F654 /* MyTest3 */ = {
			isa = PBXGroup;
			children = (
				4A8AFDC01A09D3F700B0F654 /* DGAppDelegate.h */,
				4A8AFDC11A09D3F700B0F654 /* DGAppDelegate.m */,
				4A8AFDC31A09D3F700B0F654 /* Main.storyboard */,
				4A8AFDC61A09D3F700B0F654 /* DGViewController.h */,
				4A8AFDC71A09D3F700B0F654 /* DGViewController.m */,
				4A8AFDC91A09D3F700B0F654 /* Images.xcassets */,
				4A8AFDB81A09D3F700B0F654 /* Supporting Files */,
			);
			path = MyTest3;
			sourceTree = "<group>";
		};
		4A8AFDB81A09D3F700B0F654 /* Supporting Files */ = {
			isa = PBXGroup;
			children = (
				4A8AFDB91A09D3F700B0F654 /* MyTest3-Info.plist */,
				4A8AFDBA1A09D3F700B0F654 /* InfoPlist.strings */,
				4A8AFDBD1A09D3F700B0F654 /* main.m */,
				4A8AFDBF1A09D3F700B0F654 /* MyTest3-Prefix.pch */,
			);
			name = "Supporting Files";
			sourceTree = "<group>";
		};
		4A8AFDD61A09D3F800B0F654 /* MyTest3Tests */ = {
			isa = PBXGroup;
			children = (
				4A8AFDDC1A09D3F800B0F654 /* MyTest3Tests.m */,
				4A8AFDD71A09D3F800B0F654 /* Supporting Files */,
			);
			path = MyTest3Tests;
			sourceTree = "<group>";
		};
		4A8AFDD71A09D3F800B0F654 /* Supporting Files */ = {
			isa = PBXGroup;
			children = (
				4A8AFDD81A09D3F800B0F654 /* MyTest3Tests-Info.plist */,
				4A8AFDD91A09D3F800B0F654 /* InfoPlist.strings */,
			);
			name = "Supporting Files";
			sourceTree = "<group>";
		};
/* End PBXGroup section */

/* Begin PBXNativeTarget section */
		4A8AFDAD1A09D3F700B0F654 /* MyTest3 */ = {
			isa = PBXNativeTarget;
			buildConfigurationList = 4A8AFDE01A09D3F800B0F654 /* Build configuration list for PBXNativeTarget "MyTest3" */;
			buildPhases = (
				4A8AFDAA1A09D3F700B0F654 /* Sources */,
				4A8AFDAB1A09D3F700B0F654 /* Frameworks */,
				4A8AFDAC1A09D3F700B0F654 /* Resources */,
			);
			buildRules = (
			);
			dependencies = (
			);
			name = MyTest3;
			productName = MyTest3;
			productReference = 4A8AFDAE1A09D3F700B0F654 /* MyTest3.app */;
			productType = "com.apple.product-type.application";
		};
		4A8AFDCE1A09D3F700B0F654 /* MyTest3Tests */ = {
			isa = PBXNativeTarget;
			buildConfigurationList = 4A8AFDE31A09D3F800B0F654 /* Build configuration list for PBXNativeTarget "MyTest3Tests" */;
			buildPhases = (
				4A8AFDCB1A09D3F700B0F654 /* Sources */,
				4A8AFDCC1A09D3F700B0F654 /* Frameworks */,
				4A8AFDCD1A09D3F700B0F654 /* Resources */,
			);
			buildRules = (
			);
			dependencies = (
				4A8AFDD51A09D3F800B0F654 /* PBXTargetDependency */,
			);
			name = MyTest3Tests;
			productName = MyTest3Tests;
			productReference = 4A8AFDCF1A09D3F700B0F654 /* MyTest3Tests.xctest */;
			productType = "com.apple.product-type.bundle.unit-test";
		};
/* End PBXNativeTarget section */

/* Begin PBXProject section */
		4A8AFDA61A09D3F700B0F654 /* Project object */ = {
			isa = PBXProject;
			attributes = {
				CLASSPREFIX = DG;
				LastUpgradeCheck = 0510;
				ORGANIZATIONNAME = "___FULLUSERNAME___";
				TargetAttributes = {
					4A8AFDCE1A09D3F700B0F654 = {
						TestTargetID = 4A8AFDAD1A09D3F700B0F654;
					};
				};
			};
			buildConfigurationList = 4A8AFDA91A09D3F700B0F654 /* Build configuration list for PBXProject "MyTest3" */;
			compatibilityVersion = "Xcode 3.2";
			developmentRegion = English;
			hasScannedForEncodings = 0;
			knownRegions = (
				en,
				Base,
			);
			mainGroup = 4A8AFDA51A09D3F700B0F654;
			productRefGroup = 4A8AFDAF1A09D3F700B0F654 /* Products */;
			projectDirPath = "";
			projectRoot = "";
			targets = (
				4A8AFDAD1A09D3F700B0F654 /* MyTest3 */,
				4A8AFDCE1A09D3F700B0F654 /* MyTest3Tests */,
			);
		};
/* End PBXProject section */

/* Begin PBXResourcesBuildPhase section */
		4A8AFDAC1A09D3F700B0F654 /* Resources */ = {
			isa = PBXResourcesBuildPhase;
			buildActionMask = 2147483647;
			files = (
				4A8AFDCA1A09D3F700B0F654 /* Images.xcassets in Resources */,
				4A8AFDBC1A09D3F700B0F654 /* InfoPlist.strings in Resources */,
				4A8AFDC51A09D3F700B0F654 /* Main.storyboard in Resources */,
			);
			runOnlyForDeploymentPostprocessing = 0;
		};
		4A8AFDCD1A09D3F700B0F654 /* Resources */ = {
			isa = PBXResourcesBuildPhase;
			buildActionMask = 2147483647;
			files = (
				4A8AFDDB1A09D3F800B0F654 /* InfoPlist.strings in Resources */,
			);
			runOnlyForDeploymentPostprocessing = 0;
		};
/* End PBXResourcesBuildPhase section */

/* Begin PBXSourcesBuildPhase section */
		4A8AFDAA1A09D3F700B0F654 /* Sources */ = {
			isa = PBXSourcesBuildPhase;
			buildActionMask = 2147483647;
			files = (
				4A8AFDBE1A09D3F700B0F654 /* main.m in Sources */,
				4A8AFDC81A09D3F700B0F654 /* DGViewController.m in Sources */,
				4A8AFDC21A09D3F700B0F654 /* DGAppDelegate.m in Sources */,
			);
			runOnlyForDeploymentPostprocessing = 0;
		};
		4A8AFDCB1A09D3F700B0F654 /* Sources */ = {
			isa = PBXSourcesBuildPhase;
			buildActionMask = 2147483647;
			files = (
				4A8AFDDD1A09D3F800B0F654 /* MyTest3Tests.m in Sources */,
			);
			runOnlyForDeploymentPostprocessing = 0;
		};
/* End PBXSourcesBuildPhase section */

/* Begin PBXTargetDependency section */
		4A8AFDD51A09D3F800B0F654 /* PBXTargetDependency */ = {
			isa = PBXTargetDependency;
			target = 4A8AFDAD1A09D3F700B0F654 /* MyTest3 */;
			targetProxy = 4A8AFDD41A09D3F800B0F654 /* PBXContainerItemProxy */;
		};
/* End PBXTargetDependency section */

/* Begin PBXVariantGroup section */
		4A8AFDBA1A09D3F700B0F654 /* InfoPlist.strings */ = {
			isa = PBXVariantGroup;
			children = (
				4A8AFDBB1A09D3F700B0F654 /* en */,
			);
			name = InfoPlist.strings;
			sourceTree = "<group>";
		};
		4A8AFDC31A09D3F700B0F654 /* Main.storyboard */ = {
			isa = PBXVariantGroup;
			children = (
				4A8AFDC41A09D3F700B0F654 /* Base */,
			);
			name = Main.storyboard;
			sourceTree = "<group>";
		};
		4A8AFDD91A09D3F800B0F654 /* InfoPlist.strings */ = {
			isa = PBXVariantGroup;
			children = (
				4A8AFDDA1A09D3F800B0F654 /* en */,
			);
			name = InfoPlist.strings;
			sourceTree = "<group>";
		};
/* End PBXVariantGroup section */

/* Begin XCBuildConfiguration section */
		4A8AFDDE1A09D3F800B0F654 /* Debug */ = {
			isa = XCBuildConfiguration;
			buildSettings = {
				ALWAYS_SEARCH_USER_PATHS = NO;
				CLANG_CXX_LANGUAGE_STANDARD = "gnu++0x";
				CLANG_CXX_LIBRARY = "libc++";
				CLANG_ENABLE_MODULES = YES;
				CLANG_ENABLE_OBJC_ARC = YES;
				CLANG_WARN_BOOL_CONVERSION = YES;
				CLANG_WARN_CONSTANT_CONVERSION = YES;
				CLANG_WARN_DIRECT_OBJC_ISA_USAGE = YES_ERROR;
				CLANG_WARN_EMPTY_BODY = YES;
				CLANG_WARN_ENUM_CONVERSION = YES;
				CLANG_WARN_INT_CONVERSION = YES;
				CLANG_WARN_OBJC_ROOT_CLASS = YES_ERROR;
				CLANG_WARN__DUPLICATE_METHOD_MATCH = YES;
				"CODE_SIGN_IDENTITY[sdk=iphoneos*]" = "iPhone Developer";
				COPY_PHASE_STRIP = NO;
				GCC_C_LANGUAGE_STANDARD = gnu99;
				GCC_DYNAMIC_NO_PIC = NO;
				GCC_OPTIMIZATION_LEVEL = 0;
				GCC_PREPROCESSOR_DEFINITIONS = (
					"DEBUG=1",
					"$(inherited)",
				);
				GCC_SYMBOLS_PRIVATE_EXTERN = NO;
				GCC_WARN_64_TO_32_BIT_CONVERSION = YES;
				GCC_WARN_ABOUT_RETURN_TYPE = YES_ERROR;
				GCC_WARN_UNDECLARED_SELECTOR = YES;
				GCC_WARN_UNINITIALIZED_AUTOS = YES_AGGRESSIVE;
				GCC_WARN_UNUSED_FUNCTION = YES;
				GCC_WARN_UNUSED_VARIABLE = YES;
				IPHONEOS_DEPLOYMENT_TARGET = 7.1;
				ONLY_ACTIVE_ARCH = YES;
				SDKROOT = iphoneos;
			};
			name = Debug;
		};
		4A8AFDDF1A09D3F800B0F654 /* Release */ = {
			isa = XCBuildConfiguration;
			buildSettings = {
				ALWAYS_SEARCH_USER_PATHS = NO;
				CLANG_CXX_LANGUAGE_STANDARD = "gnu++0x";
				CLANG_CXX_LIBRARY = "libc++";
				CLANG_ENABLE_MODULES = YES;
				CLANG_ENABLE_OBJC_ARC = YES;
				CLANG_WARN_BOOL_CONVERSION = YES;
				CLANG_WARN_CONSTANT_CONVERSION = YES;
				CLANG_WARN_DIRECT_OBJC_ISA_USAGE = YES_ERROR;
				CLANG_WARN_EMPTY_BODY = YES;
				CLANG_WARN_ENUM_CONVERSION = YES;
				CLANG_WARN_INT_CONVERSION = YES;
				CLANG_WARN_OBJC_ROOT_CLASS = YES_ERROR;
				CLANG_WARN__DUPLICATE_METHOD_MATCH = YES;
				"CODE_SIGN_IDENTITY[sdk=iphoneos*]" = "iPhone Developer";
				COPY_PHASE_STRIP = YES;
				ENABLE_NS_ASSERTIONS = NO;
				GCC_C_LANGUAGE_STANDARD = gnu99;
				GCC_WARN_64_TO_32_BIT_CONVERSION = YES;
				GCC_WARN_ABOUT_RETURN_TYPE = YES_ERROR;
				GCC_WARN_UNDECLARED_SELECTOR = YES;
				GCC_WARN_UNINITIALIZED_AUTOS = YES_AGGRESSIVE;
				GCC_WARN_UNUSED_FUNCTION = YES;
				GCC_WARN_UNUSED_VARIABLE = YES;
				IPHONEOS_DEPLOYMENT_TARGET = 7.1;
				SDKROOT = iphoneos;
				VALIDATE_PRODUCT = YES;
			};
			name = Release;
		};
		4A8AFDE11A09D3F800B0F654 /* Debug */ = {
			isa = XCBuildConfiguration;
			buildSettings = {
				ASSETCATALOG_COMPILER_APPICON_NAME = AppIcon;
				ASSETCATALOG_COMPILER_LAUNCHIMAGE_NAME = LaunchImage;
				GCC_PRECOMPILE_PREFIX_HEADER = YES;
				GCC_PREFIX_HEADER = "MyTest3/MyTest3-Prefix.pch";
				INFOPLIST_FILE = "MyTest3/MyTest3-Info.plist";
				PRODUCT_NAME = "$(TARGET_NAME)";
				WRAPPER_EXTENSION = app;
			};
			name = Debug;
		};
		4A8AFDE21A09D3F800B0F654 /* Release */ = {
			isa = XCBuildConfiguration;
			buildSettings = {
				ASSETCATALOG_COMPILER_APPICON_NAME = AppIcon;
				ASSETCATALOG_COMPILER_LAUNCHIMAGE_NAME = LaunchImage;
				GCC_PRECOMPILE_PREFIX_HEADER = YES;
				GCC_PREFIX_HEADER = "MyTest3/MyTest3-Prefix.pch";
				INFOPLIST_FILE = "MyTest3/MyTest3-Info.plist";
				PRODUCT_NAME = "$(TARGET_NAME)";
				WRAPPER_EXTENSION = app;
			};
			name = Release;
		};
		4A8AFDE41A09D3F800B0F654 /* Debug */ = {
			isa = XCBuildConfiguration;
			buildSettings = {
				BUNDLE_LOADER = "$(BUILT_PRODUCTS_DIR)/MyTest3.app/MyTest3";
				FRAMEWORK_SEARCH_PATHS = (
					"$(SDKROOT)/Developer/Library/Frameworks",
					"$(inherited)",
					"$(DEVELOPER_FRAMEWORKS_DIR)",
				);
				GCC_PRECOMPILE_PREFIX_HEADER = YES;
				GCC_PREFIX_HEADER = "MyTest3/MyTest3-Prefix.pch";
				GCC_PREPROCESSOR_DEFINITIONS = (
					"DEBUG=1",
					"$(inherited)",
				);
				INFOPLIST_FILE = "MyTest3Tests/MyTest3Tests-Info.plist";
				PRODUCT_NAME = "$(TARGET_NAME)";
				TEST_HOST = "$(BUNDLE_LOADER)";
				WRAPPER_EXTENSION = xctest;
			};
			name = Debug;
		};
		4A8AFDE51A09D3F800B0F654 /* Release */ = {
			isa = XCBuildConfiguration;
			buildSettings = {
				BUNDLE_LOADER = "$(BUILT_PRODUCTS_DIR)/MyTest3.app/MyTest3";
				FRAMEWORK_SEARCH_PATHS = (
					"$(SDKROOT)/Developer/Library/Frameworks",
					"$(inherited)",
					"$(DEVELOPER_FRAMEWORKS_DIR)",
				);
				GCC_PRECOMPILE_PREFIX_HEADER = YES;
				GCC_PREFIX_HEADER = "MyTest3/MyTest3-Prefix.pch";
				INFOPLIST_FILE = "MyTest3Tests/MyTest3Tests-Info.plist";
				PRODUCT_NAME = "$(TARGET_NAME)";
				TEST_HOST = "$(BUNDLE_LOADER)";
				WRAPPER_EXTENSION = xctest;
			};
			name = Release;
		};
/* End XCBuildConfiguration section */

/* Begin XCConfigurationList section */
		4A8AFDA91A09D3F700B0F654 /* Build configuration list for PBXProject "MyTest3" */ = {
			isa = XCConfigurationList;
			buildConfigurations = (
				4A8AFDDE1A09D3F800B0F654 /* Debug */,
				4A8AFDDF1A09D3F800B0F654 /* Release */,
			);
			defaultConfigurationIsVisible = 0;
			defaultConfigurationName = Release;
		};
		4A8AFDE01A09D3F800B0F654 /* Build configuration list for PBXNativeTarget "MyTest3" */ = {
			isa = XCConfigurationList;
			buildConfigurations = (
				4A8AFDE11A09D3F800B0F654 /* Debug */,
				4A8AFDE21A09D3F800B0F654 /* Release */,
			);
			defaultConfigurationIsVisible = 0;
		};
		4A8AFDE31A09D3F800B0F654 /* Build configuration list for PBXNativeTarget "MyTest3Tests" */ = {
			isa = XCConfigurationList;
			buildConfigurations = (
				4A8AFDE41A09D3F800B0F654 /* Debug */,
				4A8AFDE51A09D3F800B0F654 /* Release */,
			);
			defaultConfigurationIsVisible = 0;
		};
/* End XCConfigurationList section */
	};
	rootObject = 4A8AFDA61A09D3F700B0F654 /* Project object */;
}
